
Microsoft Visual Studio Solution File, Format Version 12.00
# Visual Studio Version 16
VisualStudioVersion = 16.0.29905.134
MinimumVisualStudioVersion = 10.0.40219.1
Project("{FAE04EC0-301F-11D3-BF4B-00C04F79EFBC}") = "ReferenceAndOutputParameters", "ReferenceAndOutputParameters\ReferenceAndOutputParameters.csproj", "{CDD55B50-480C-4E88-BF31-60CE6129EB05}"
EndProject
Global
	GlobalSection(SolutionConfigurationPlatforms) = preSolution
		Debug|Any CPU = Debug|Any CPU
		Release|Any CPU = Release|Any CPU
	EndGlobalSection
	GlobalSection(ProjectConfigurationPlatforms) = postSolution
		{CDD55B50-480C-4E88-BF31-60CE6129EB05}.Debug|Any CPU.ActiveCfg = Debug|Any CPU
		{CDD55B50-480C-4E88-BF31-60CE6129EB05}.Debug|Any CPU.Build.0 = Debug|Any CPU
		{CDD55B50-480C-4E88-BF31-60CE6129EB05}.Release|Any CPU.ActiveCfg = Release|Any CPU
		{CDD55B50-480C-4E88-BF31-60CE6129EB05}.Release|Any CPU.Build.0 = Release|Any CPU
	EndGlobalSection
	GlobalSection(SolutionProperties) = preSolution
		HideSolutionNode = FALSE
	EndGlobalSection
	GlobalSection(ExtensibilityGlobals) = postSolution
		SolutionGuid = {B65B21C4-DC55-460C-8BD4-59FE53B7814C}
	EndGlobalSection
EndGlobal
